// !$*UTF8*$!
{
	archiveVersion = 1;
	classes = {
	};
	objectVersion = 77;
	objects = {

/* Begin PBXFileReference section */
		A1000001000000000000040 /* Physique.app */ = {isa = PBXFileReference; explicitFileType = wrapper.application; includeInIndex = 0; path = Physique.app; sourceTree = BUILT_PRODUCTS_DIR; };
		A1000001000000000000140 /* PhysiqueUITests.xctest */ = {isa = PBXFileReference; explicitFileType = wrapper.cfbundle; includeInIndex = 0; path = PhysiqueUITests.xctest; sourceTree = BUILT_PRODUCTS_DIR; };
		A1000001000000000000003 /* Base.xcconfig */ = {isa = PBXFileReference; lastKnownFileType = text.xcconfig; name = Base.xcconfig; path = Physique/Base.xcconfig; sourceTree = "<group>"; };
/* End PBXFileReference section */

/* Begin PBXFileSystemSynchronizedBuildFileExceptionSet section */
		A1000001000000000000002 /* Exceptions for "Physique/Sources" folder in "Physique" target */ = {
			isa = PBXFileSystemSynchronizedBuildFileExceptionSet;
			membershipExceptions = (
				Info.plist,
			);
			target = A1000001000000000000010 /* Physique */;
		};
/* End PBXFileSystemSynchronizedBuildFileExceptionSet section */

/* Begin PBXFileSystemSynchronizedRootGroup section */
		A1000001000000000000100 /* PhysiqueUITests */ = {
			isa = PBXFileSystemSynchronizedRootGroup;
			path = PhysiqueUITests;
			sourceTree = "<group>";
		};
		A1000001000000000000001 /* Physique/Sources */ = {
			isa = PBXFileSystemSynchronizedRootGroup;
			exceptions = (
				A1000001000000000000002 /* Exceptions for "Physique/Sources" folder in "Physique" target */,
			);
			path = Physique/Sources;
			sourceTree = "<group>";
		};
/* End PBXFileSystemSynchronizedRootGroup section */

/* Begin PBXFrameworksBuildPhase section */
		A1000001000000000000120 /* Frameworks */ = {
			isa = PBXFrameworksBuildPhase;
			buildActionMask = 2147483647;
			files = (
			);
			runOnlyForDeploymentPostprocessing = 0;
		};
		A1000001000000000000020 /* Frameworks */ = {
			isa = PBXFrameworksBuildPhase;
			buildActionMask = 2147483647;
			files = (
			);
			runOnlyForDeploymentPostprocessing = 0;
		};
/* End PBXFrameworksBuildPhase section */

/* Begin PBXGroup section */
		A1000001000000000000030 = {
			isa = PBXGroup;
			children = (
				A1000001000000000000003 /* Base.xcconfig */,
				A1000001000000000000001 /* Physique/Sources */,
				A1000001000000000000031 /* Products */,
			);
			sourceTree = "<group>";
		};
		A1000001000000000000031 /* Products */ = {
			isa = PBXGroup;
			children = (
				A1000001000000000000040 /* Physique.app */,
				A1000001000000000000140 /* PhysiqueUITests.xctest */,
			);
			name = Products;
			sourceTree = "<group>";
		};
/* End PBXGroup section */

/* Begin PBXNativeTarget section */
		A1000001000000000000010 /* Physique */ = {
			isa = PBXNativeTarget;
			buildConfigurationList = A1000001000000000000050 /* Build configuration list for PBXNativeTarget "Physique" */;
			buildPhases = (
				A1000001000000000000021 /* Sources */,
				A1000001000000000000020 /* Frameworks */,
				A1000001000000000000022 /* Resources */,
			);
			buildRules = (
			);
			dependencies = (
			);
			fileSystemSynchronizedGroups = (
				A1000001000000000000001 /* Physique/Sources */,
			);
			name = Physique;
			productName = Physique;
			productReference = A1000001000000000000040 /* Physique.app */;
			productType = "com.apple.product-type.application";
		};
		A1000001000000000000110 /* PhysiqueUITests */ = {
			isa = PBXNativeTarget;
			buildConfigurationList = A1000001000000000000150 /* Build configuration list for PBXNativeTarget "PhysiqueUITests" */;
			buildPhases = (
				A1000001000000000000121 /* Sources */,
				A1000001000000000000120 /* Frameworks */,
			);
			buildRules = (
			);
			dependencies = (
				A1000001000000000000130 /* PBXTargetDependency */,
			);
			fileSystemSynchronizedGroups = (
				A1000001000000000000100 /* PhysiqueUITests */,
			);
			name = PhysiqueUITests;
			productName = PhysiqueUITests;
			productReference = A1000001000000000000140 /* PhysiqueUITests.xctest */;
			productType = "com.apple.product-type.bundle.ui-testing";
		};
/* End PBXNativeTarget section */

/* Begin PBXContainerItemProxy section */
		A1000001000000000000131 /* PBXContainerItemProxy */ = {
			isa = PBXContainerItemProxy;
			containerPortal = A1000001000000000000060 /* Project object */;
			proxyType = 1;
			remoteGlobalIDString = A1000001000000000000010;
			remoteInfo = Physique;
		};
/* End PBXContainerItemProxy section */

/* Begin PBXTargetDependency section */
		A1000001000000000000130 /* PBXTargetDependency */ = {
			isa = PBXTargetDependency;
			target = A1000001000000000000010 /* Physique */;
			targetProxy = A1000001000000000000131 /* PBXContainerItemProxy */;
		};
/* End PBXTargetDependency section */

/* Begin PBXProject section */
		A1000001000000000000060 /* Project object */ = {
			isa = PBXProject;
			attributes = {
				BuildIndependentTargetsInParallel = 1;
				LastSwiftUpdateCheck = 2660;
				LastUpgradeCheck = 2660;
				TargetAttributes = {
					A1000001000000000000010 = {
						CreatedOnToolsVersion = 26.0;
					};
					A1000001000000000000110 = {
						CreatedOnToolsVersion = 26.0;
						TestTargetID = A1000001000000000000010;
					};
				};
			};
			buildConfigurationList = A1000001000000000000051 /* Build configuration list for PBXProject "Physique" */;
			developmentRegion = ja;
			hasScannedForEncodings = 0;
			knownRegions = (
				ja,
				Base,
			);
			mainGroup = A1000001000000000000030;
			minimizedProjectReferenceProxies = 1;
			preferredProjectObjectVersion = 77;
			productRefGroup = A1000001000000000000031 /* Products */;
			projectDirPath = "";
			projectRoot = "";
			targets = (
				A1000001000000000000010 /* Physique */,
				A1000001000000000000110 /* PhysiqueUITests */,
			);
		};
/* End PBXProject section */

/* Begin PBXResourcesBuildPhase section */
		A1000001000000000000022 /* Resources */ = {
			isa = PBXResourcesBuildPhase;
			buildActionMask = 2147483647;
			files = (
			);
			runOnlyForDeploymentPostprocessing = 0;
		};
/* End PBXResourcesBuildPhase section */

/* Begin PBXSourcesBuildPhase section */
		A1000001000000000000121 /* Sources */ = {
			isa = PBXSourcesBuildPhase;
			buildActionMask = 2147483647;
			files = (
			);
			runOnlyForDeploymentPostprocessing = 0;
		};
		A1000001000000000000021 /* Sources */ = {
			isa = PBXSourcesBuildPhase;
			buildActionMask = 2147483647;
			files = (
			);
			runOnlyForDeploymentPostprocessing = 0;
		};
/* End PBXSourcesBuildPhase section */

/* Begin XCBuildConfiguration section */
		A1000001000000000000070 /* Debug */ = {
			isa = XCBuildConfiguration;
			baseConfigurationReference = A1000001000000000000003 /* Base.xcconfig */;
			buildSettings = {
				CLANG_ENABLE_OBJC_WEAK = YES;
				CLANG_WARN_DOCUMENTATION_COMMENTS = YES;
				COPY_PHASE_STRIP = NO;
				DEBUG_INFORMATION_FORMAT = dwarf;
				ENABLE_STRICT_OBJC_MSGSEND = YES;
				ENABLE_TESTABILITY = YES;
				GCC_OPTIMIZATION_LEVEL = 0;
				GCC_PREPROCESSOR_DEFINITIONS = (
					"DEBUG=1",
					"$(inherited)",
				);
				IPHONEOS_DEPLOYMENT_TARGET = 17.0;
				"IPHONEOS_DEPLOYMENT_TARGET[sdk=iphoneos*]" = 17.0;
				MTL_ENABLE_DEBUG_INFO = INCLUDE_SOURCE;
				ONLY_ACTIVE_ARCH = YES;
				SDKROOT = iphoneos;
				SWIFT_ACTIVE_COMPILATION_CONDITIONS = "DEBUG $(inherited)";
				SWIFT_OPTIMIZATION_LEVEL = "-Onone";
				SWIFT_VERSION = 6.0;
			};
			name = Debug;
		};
		A1000001000000000000071 /* Release */ = {
			isa = XCBuildConfiguration;
			baseConfigurationReference = A1000001000000000000003 /* Base.xcconfig */;
			buildSettings = {
				CLANG_ENABLE_OBJC_WEAK = YES;
				CLANG_WARN_DOCUMENTATION_COMMENTS = YES;
				COPY_PHASE_STRIP = NO;
				DEBUG_INFORMATION_FORMAT = "dwarf-with-dsym";
				ENABLE_NS_ASSERTIONS = NO;
				ENABLE_STRICT_OBJC_MSGSEND = YES;
				IPHONEOS_DEPLOYMENT_TARGET = 17.0;
				"IPHONEOS_DEPLOYMENT_TARGET[sdk=iphoneos*]" = 17.0;
				MTL_ENABLE_DEBUG_INFO = NO;
				SDKROOT = iphoneos;
				SWIFT_COMPILATION_MODE = wholemodule;
				SWIFT_VERSION = 6.0;
				VALIDATE_PRODUCT = YES;
			};
			name = Release;
		};
		A1000001000000000000080 /* Debug */ = {
			isa = XCBuildConfiguration;
			buildSettings = {
				ASSETCATALOG_COMPILER_APPICON_NAME = "";
				CODE_SIGN_STYLE = Automatic;
				CURRENT_PROJECT_VERSION = 1;
				DEVELOPMENT_ASSET_PATHS = "";
				ENABLE_PREVIEWS = YES;
				GENERATE_INFOPLIST_FILE = YES;
				INFOPLIST_FILE = Physique/Sources/Info.plist;
				INFOPLIST_KEY_UIApplicationSceneManifest_Generation = YES;
				INFOPLIST_KEY_UIApplicationSupportsIndirectInputEvents = YES;
				INFOPLIST_KEY_UILaunchScreen_Generation = YES;
				LD_RUNPATH_SEARCH_PATHS = (
					"$(inherited)",
					"@executable_path/Frameworks",
				);
				MARKETING_VERSION = 0.1.0;
				PRODUCT_NAME = "$(TARGET_NAME)";
				SWIFT_EMIT_LOC_STRINGS = YES;
				TARGETED_DEVICE_FAMILY = 1;
			};
			name = Debug;
		};
		A1000001000000000000081 /* Release */ = {
			isa = XCBuildConfiguration;
			buildSettings = {
				ASSETCATALOG_COMPILER_APPICON_NAME = "";
				CODE_SIGN_STYLE = Automatic;
				CURRENT_PROJECT_VERSION = 1;
				DEVELOPMENT_ASSET_PATHS = "";
				ENABLE_PREVIEWS = YES;
				GENERATE_INFOPLIST_FILE = YES;
				INFOPLIST_FILE = Physique/Sources/Info.plist;
				INFOPLIST_KEY_UIApplicationSceneManifest_Generation = YES;
				INFOPLIST_KEY_UIApplicationSupportsIndirectInputEvents = YES;
				INFOPLIST_KEY_UILaunchScreen_Generation = YES;
				LD_RUNPATH_SEARCH_PATHS = (
					"$(inherited)",
					"@executable_path/Frameworks",
				);
				MARKETING_VERSION = 0.1.0;
				PRODUCT_NAME = "$(TARGET_NAME)";
				SWIFT_EMIT_LOC_STRINGS = YES;
				TARGETED_DEVICE_FAMILY = 1;
			};
			name = Release;
		};
		A1000001000000000000180 /* Debug */ = {
			isa = XCBuildConfiguration;
			buildSettings = {
				CODE_SIGN_STYLE = Automatic;
				CURRENT_PROJECT_VERSION = 1;
				GENERATE_INFOPLIST_FILE = YES;
				MARKETING_VERSION = 0.1.0;
				PRODUCT_BUNDLE_IDENTIFIER = "io.github.kenyan822.physique.uitests";
				PRODUCT_NAME = "$(TARGET_NAME)";
				SWIFT_EMIT_LOC_STRINGS = NO;
				TARGETED_DEVICE_FAMILY = 1;
				TEST_TARGET_NAME = Physique;
			};
			name = Debug;
		};
		A1000001000000000000181 /* Release */ = {
			isa = XCBuildConfiguration;
			buildSettings = {
				CODE_SIGN_STYLE = Automatic;
				CURRENT_PROJECT_VERSION = 1;
				GENERATE_INFOPLIST_FILE = YES;
				MARKETING_VERSION = 0.1.0;
				PRODUCT_BUNDLE_IDENTIFIER = "io.github.kenyan822.physique.uitests";
				PRODUCT_NAME = "$(TARGET_NAME)";
				SWIFT_EMIT_LOC_STRINGS = NO;
				TARGETED_DEVICE_FAMILY = 1;
				TEST_TARGET_NAME = Physique;
			};
			name = Release;
		};
/* End XCBuildConfiguration section */

/* Begin XCConfigurationList section */
		A1000001000000000000050 /* Build configuration list for PBXNativeTarget "Physique" */ = {
			isa = XCConfigurationList;
			buildConfigurations = (
				A1000001000000000000080 /* Debug */,
				A1000001000000000000081 /* Release */,
			);
			defaultConfigurationIsVisible = 0;
			defaultConfigurationName = Release;
		};
		A1000001000000000000051 /* Build configuration list for PBXProject "Physique" */ = {
			isa = XCConfigurationList;
			buildConfigurations = (
				A1000001000000000000070 /* Debug */,
				A1000001000000000000071 /* Release */,
			);
			defaultConfigurationIsVisible = 0;
			defaultConfigurationName = Release;
		};
		A1000001000000000000150 /* Build configuration list for PBXNativeTarget "PhysiqueUITests" */ = {
			isa = XCConfigurationList;
			buildConfigurations = (
				A1000001000000000000180 /* Debug */,
				A1000001000000000000181 /* Release */,
			);
			defaultConfigurationIsVisible = 0;
			defaultConfigurationName = Release;
		};
/* End XCConfigurationList section */
	};
	rootObject = A1000001000000000000060 /* Project object */;
}
